
Microsoft Visual Studio Solution File, Format Version 12.00
Project("{FAE04EC0-301F-11D3-BF4B-00C04F79EFBC}") = "StringConcatBenchmark", "StringConcatBenchmark\StringConcatBenchmark.csproj", "{45CF96AA-9D0A-49A9-91A4-C8ACC7CF4349}"
EndProject
Global
	GlobalSection(SolutionConfigurationPlatforms) = preSolution
		Debug|Any CPU = Debug|Any CPU
		Release|Any CPU = Release|Any CPU
	EndGlobalSection
	GlobalSection(ProjectConfigurationPlatforms) = postSolution
		{45CF96AA-9D0A-49A9-91A4-C8ACC7CF4349}.Debug|Any CPU.ActiveCfg = Debug|Any CPU
		{45CF96AA-9D0A-49A9-91A4-C8ACC7CF4349}.Debug|Any CPU.Build.0 = Debug|Any CPU
		{45CF96AA-9D0A-49A9-91A4-C8ACC7CF4349}.Release|Any CPU.ActiveCfg = Release|Any CPU
		{45CF96AA-9D0A-49A9-91A4-C8ACC7CF4349}.Release|Any CPU.Build.0 = Release|Any CPU
	EndGlobalSection
EndGlobal
